{
  "originHash" : "76d0b44468a683549f6154b3b83a5dfaa04a6a24fc394d2a66d806f552f01d3d",
  "pins" : [
    {
      "identity" : "swiftui-currency-field",
      "kind" : "remoteSourceControl",
      "location" : "https://github.com/jtrinc/swiftui-currency-field",
      "state" : {
        "revision" : "8a0f3f26695710464ca8a0a7ddba2f3a6b2f2f2d",
        "version" : "1.0.2"
      }
    }
  ],
  "version" : 3
}
